// !$*UTF8*$!
{
	archiveVersion = 1;
	classes = {
	};
	objectVersion = 50;
	objects = {

/* Begin PBXBuildFile section */
		D42E4BEC20A4C7A100B6A4B0 /* AppDelegate.swift in Sources */ = {isa = PBXBuildFile; fileRef = D42E4BEB20A4C7A100B6A4B0 /* AppDelegate.swift */; };
		D42E4BEE20A4C7A100B6A4B0 /* ViewController.swift in Sources */ = {isa = PBXBuildFile; fileRef = D42E4BED20A4C7A100B6A4B0 /* ViewController.swift */; };
		D42E4BF120A4C7A100B6A4B0 /* Main.storyboard in Resources */ = {isa = PBXBuildFile; fileRef = D42E4BEF20A4C7A100B6A4B0 /* Main.storyboard */; };
		D42E4BF320A4C7A400B6A4B0 /* Assets.xcassets in Resources */ = {isa = PBXBuildFile; fileRef = D42E4BF220A4C7A400B6A4B0 /* Assets.xcassets */; };
		D42E4BF620A4C7A400B6A4B0 /* LaunchScreen.storyboard in Resources */ = {isa = PBXBuildFile; fileRef = D42E4BF420A4C7A400B6A4B0 /* LaunchScreen.storyboard */; };
		D42E4BFB20A4C7A400B6A4B0 /* DEW 8 WatchKit App.app in Embed Watch Content */ = {isa = PBXBuildFile; fileRef = D42E4BFA20A4C7A400B6A4B0 /* DEW 8 WatchKit App.app */; };
		D42E4C0120A4C7A400B6A4B0 /* Interface.storyboard in Resources */ = {isa = PBXBuildFile; fileRef = D42E4BFF20A4C7A400B6A4B0 /* Interface.storyboard */; };
		D42E4C0320A4C7A500B6A4B0 /* Assets.xcassets in Resources */ = {isa = PBXBuildFile; fileRef = D42E4C0220A4C7A500B6A4B0 /* Assets.xcassets */; };
		D42E4C0A20A4C7A500B6A4B0 /* DEW 8 WatchKit Extension.appex in Embed App Extensions */ = {isa = PBXBuildFile; fileRef = D42E4C0920A4C7A500B6A4B0 /* DEW 8 WatchKit Extension.appex */; settings = {ATTRIBUTES = (RemoveHeadersOnCopy, ); }; };
		D42E4C0F20A4C7A500B6A4B0 /* InterfaceController.swift in Sources */ = {isa = PBXBuildFile; fileRef = D42E4C0E20A4C7A500B6A4B0 /* InterfaceController.swift */; };
		D42E4C1120A4C7A500B6A4B0 /* ExtensionDelegate.swift in Sources */ = {isa = PBXBuildFile; fileRef = D42E4C1020A4C7A500B6A4B0 /* ExtensionDelegate.swift */; };
		D42E4C1320A4C7A500B6A4B0 /* NotificationController.swift in Sources */ = {isa = PBXBuildFile; fileRef = D42E4C1220A4C7A500B6A4B0 /* NotificationController.swift */; };
		D42E4C1520A4C7A500B6A4B0 /* ComplicationController.swift in Sources */ = {isa = PBXBuildFile; fileRef = D42E4C1420A4C7A500B6A4B0 /* ComplicationController.swift */; };
		D42E4C1720A4C7A500B6A4B0 /* Assets.xcassets in Resources */ = {isa = PBXBuildFile; fileRef = D42E4C1620A4C7A500B6A4B0 /* Assets.xcassets */; };
		D42E4C7220A5102F00B6A4B0 /* sharedObjects.swift in Sources */ = {isa = PBXBuildFile; fileRef = D42E4C7120A5102F00B6A4B0 /* sharedObjects.swift */; };
		D42E4C7320A5110E00B6A4B0 /* sharedObjects.swift in Sources */ = {isa = PBXBuildFile; fileRef = D42E4C7120A5102F00B6A4B0 /* sharedObjects.swift */; };
		D4DC087320AB330A00E5F68A /* DanController.swift in Sources */ = {isa = PBXBuildFile; fileRef = D4DC087220AB330A00E5F68A /* DanController.swift */; };
/* End PBXBuildFile section */

/* Begin PBXContainerItemProxy section */
		D42E4BFC20A4C7A400B6A4B0 /* PBXContainerItemProxy */ = {
			isa = PBXContainerItemProxy;
			containerPortal = D42E4BE020A4C7A100B6A4B0 /* Project object */;
			proxyType = 1;
			remoteGlobalIDString = D42E4BF920A4C7A400B6A4B0;
			remoteInfo = "DEW 8 WatchKit App";
		};
		D42E4C0B20A4C7A500B6A4B0 /* PBXContainerItemProxy */ = {
			isa = PBXContainerItemProxy;
			containerPortal = D42E4BE020A4C7A100B6A4B0 /* Project object */;
			proxyType = 1;
			remoteGlobalIDString = D42E4C0820A4C7A500B6A4B0;
			remoteInfo = "DEW 8 WatchKit Extension";
		};
/* End PBXContainerItemProxy section */

/* Begin PBXCopyFilesBuildPhase section */
		D42E4C1F20A4C7A500B6A4B0 /* Embed App Extensions */ = {
			isa = PBXCopyFilesBuildPhase;
			buildActionMask = 2147483647;
			dstPath = "";
			dstSubfolderSpec = 13;
			files = (
				D42E4C0A20A4C7A500B6A4B0 /* DEW 8 WatchKit Extension.appex in Embed App Extensions */,
			);
			name = "Embed App Extensions";
			runOnlyForDeploymentPostprocessing = 0;
		};
		D42E4C2320A4C7A500B6A4B0 /* Embed Watch Content */ = {
			isa = PBXCopyFilesBuildPhase;
			buildActionMask = 2147483647;
			dstPath = "$(CONTENTS_FOLDER_PATH)/Watch";
			dstSubfolderSpec = 16;
			files = (
				D42E4BFB20A4C7A400B6A4B0 /* DEW 8 WatchKit App.app in Embed Watch Content */,
			);
			name = "Embed Watch Content";
			runOnlyForDeploymentPostprocessing = 0;
		};
/* End PBXCopyFilesBuildPhase section */

/* Begin PBXFileReference section */
		D42E4BE820A4C7A100B6A4B0 /* DEW 8.app */ = {isa = PBXFileReference; explicitFileType = wrapper.application; includeInIndex = 0; path = "DEW 8.app"; sourceTree = BUILT_PRODUCTS_DIR; };
		D42E4BEB20A4C7A100B6A4B0 /* AppDelegate.swift */ = {isa = PBXFileReference; lastKnownFileType = sourcecode.swift; path = AppDelegate.swift; sourceTree = "<group>"; };
		D42E4BED20A4C7A100B6A4B0 /* ViewController.swift */ = {isa = PBXFileReference; lastKnownFileType = sourcecode.swift; path = ViewController.swift; sourceTree = "<group>"; };
		D42E4BF020A4C7A100B6A4B0 /* Base */ = {isa = PBXFileReference; lastKnownFileType = file.storyboard; name = Base; path = Base.lproj/Main.storyboard; sourceTree = "<group>"; };
		D42E4BF220A4C7A400B6A4B0 /* Assets.xcassets */ = {isa = PBXFileReference; lastKnownFileType = folder.assetcatalog; path = Assets.xcassets; sourceTree = "<group>"; };
		D42E4BF520A4C7A400B6A4B0 /* Base */ = {isa = PBXFileReference; lastKnownFileType = file.storyboard; name = Base; path = Base.lproj/LaunchScreen.storyboard; sourceTree = "<group>"; };
		D42E4BF720A4C7A400B6A4B0 /* Info.plist */ = {isa = PBXFileReference; lastKnownFileType = text.plist.xml; path = Info.plist; sourceTree = "<group>"; };
		D42E4BFA20A4C7A400B6A4B0 /* DEW 8 WatchKit App.app */ = {isa = PBXFileReference; explicitFileType = wrapper.application; includeInIndex = 0; path = "DEW 8 WatchKit App.app"; sourceTree = BUILT_PRODUCTS_DIR; };
		D42E4C0020A4C7A400B6A4B0 /* Base */ = {isa = PBXFileReference; lastKnownFileType = file.storyboard; name = Base; path = Base.lproj/Interface.storyboard; sourceTree = "<group>"; };
		D42E4C0220A4C7A500B6A4B0 /* Assets.xcassets */ = {isa = PBXFileReference; lastKnownFileType = folder.assetcatalog; path = Assets.xcassets; sourceTree = "<group>"; };
		D42E4C0420A4C7A500B6A4B0 /* Info.plist */ = {isa = PBXFileReference; lastKnownFileType = text.plist.xml; path = Info.plist; sourceTree = "<group>"; };
		D42E4C0920A4C7A500B6A4B0 /* DEW 8 WatchKit Extension.appex */ = {isa = PBXFileReference; explicitFileType = "wrapper.app-extension"; includeInIndex = 0; path = "DEW 8 WatchKit Extension.appex"; sourceTree = BUILT_PRODUCTS_DIR; };
		D42E4C0E20A4C7A500B6A4B0 /* InterfaceController.swift */ = {isa = PBXFileReference; lastKnownFileType = sourcecode.swift; path = InterfaceController.swift; sourceTree = "<group>"; };
		D42E4C1020A4C7A500B6A4B0 /* ExtensionDelegate.swift */ = {isa = PBXFileReference; lastKnownFileType = sourcecode.swift; path = ExtensionDelegate.swift; sourceTree = "<group>"; };
		D42E4C1220A4C7A500B6A4B0 /* NotificationController.swift */ = {isa = PBXFileReference; lastKnownFileType = sourcecode.swift; path = NotificationController.swift; sourceTree = "<group>"; };
		D42E4C1420A4C7A500B6A4B0 /* ComplicationController.swift */ = {isa = PBXFileReference; lastKnownFileType = sourcecode.swift; path = ComplicationController.swift; sourceTree = "<group>"; };
		D42E4C1620A4C7A500B6A4B0 /* Assets.xcassets */ = {isa = PBXFileReference; lastKnownFileType = folder.assetcatalog; path = Assets.xcassets; sourceTree = "<group>"; };
		D42E4C1820A4C7A500B6A4B0 /* Info.plist */ = {isa = PBXFileReference; lastKnownFileType = text.plist.xml; path = Info.plist; sourceTree = "<group>"; };
		D42E4C1920A4C7A500B6A4B0 /* PushNotificationPayload.apns */ = {isa = PBXFileReference; lastKnownFileType = text; path = PushNotificationPayload.apns; sourceTree = "<group>"; };
		D42E4C7120A5102F00B6A4B0 /* sharedObjects.swift */ = {isa = PBXFileReference; lastKnownFileType = sourcecode.swift; path = sharedObjects.swift; sourceTree = "<group>"; };
		D4DC087220AB330A00E5F68A /* DanController.swift */ = {isa = PBXFileReference; lastKnownFileType = sourcecode.swift; path = DanController.swift; sourceTree = "<group>"; };
/* End PBXFileReference section */

/* Begin PBXFrameworksBuildPhase section */
		D42E4BE520A4C7A100B6A4B0 /* Frameworks */ = {
			isa = PBXFrameworksBuildPhase;
			buildActionMask = 2147483647;
			files = (
			);
			runOnlyForDeploymentPostprocessing = 0;
		};
		D42E4C0620A4C7A500B6A4B0 /* Frameworks */ = {
			isa = PBXFrameworksBuildPhase;
			buildActionMask = 2147483647;
			files = (
			);
			runOnlyForDeploymentPostprocessing = 0;
		};
/* End PBXFrameworksBuildPhase section */

/* Begin PBXGroup section */
		D42E4BDF20A4C7A100B6A4B0 = {
			isa = PBXGroup;
			children = (
				D42E4C7120A5102F00B6A4B0 /* sharedObjects.swift */,
				D42E4BEA20A4C7A100B6A4B0 /* DEW 8 */,
				D42E4BFE20A4C7A400B6A4B0 /* DEW 8 WatchKit App */,
				D42E4C0D20A4C7A500B6A4B0 /* DEW 8 WatchKit Extension */,
				D42E4BE920A4C7A100B6A4B0 /* Products */,
			);
			sourceTree = "<group>";
		};
		D42E4BE920A4C7A100B6A4B0 /* Products */ = {
			isa = PBXGroup;
			children = (
				D42E4BE820A4C7A100B6A4B0 /* DEW 8.app */,
				D42E4BFA20A4C7A400B6A4B0 /* DEW 8 WatchKit App.app */,
				D42E4C0920A4C7A500B6A4B0 /* DEW 8 WatchKit Extension.appex */,
			);
			name = Products;
			sourceTree = "<group>";
		};
		D42E4BEA20A4C7A100B6A4B0 /* DEW 8 */ = {
			isa = PBXGroup;
			children = (
				D42E4BEB20A4C7A100B6A4B0 /* AppDelegate.swift */,
				D42E4BED20A4C7A100B6A4B0 /* ViewController.swift */,
				D42E4BEF20A4C7A100B6A4B0 /* Main.storyboard */,
				D42E4BF220A4C7A400B6A4B0 /* Assets.xcassets */,
				D42E4BF420A4C7A400B6A4B0 /* LaunchScreen.storyboard */,
				D42E4BF720A4C7A400B6A4B0 /* Info.plist */,
			);
			path = "DEW 8";
			sourceTree = "<group>";
		};
		D42E4BFE20A4C7A400B6A4B0 /* DEW 8 WatchKit App */ = {
			isa = PBXGroup;
			children = (
				D42E4BFF20A4C7A400B6A4B0 /* Interface.storyboard */,
				D42E4C0220A4C7A500B6A4B0 /* Assets.xcassets */,
				D42E4C0420A4C7A500B6A4B0 /* Info.plist */,
			);
			path = "DEW 8 WatchKit App";
			sourceTree = "<group>";
		};
		D42E4C0D20A4C7A500B6A4B0 /* DEW 8 WatchKit Extension */ = {
			isa = PBXGroup;
			children = (
				D42E4C0E20A4C7A500B6A4B0 /* InterfaceController.swift */,
				D42E4C1020A4C7A500B6A4B0 /* ExtensionDelegate.swift */,
				D42E4C1220A4C7A500B6A4B0 /* NotificationController.swift */,
				D42E4C1420A4C7A500B6A4B0 /* ComplicationController.swift */,
				D42E4C1620A4C7A500B6A4B0 /* Assets.xcassets */,
				D42E4C1820A4C7A500B6A4B0 /* Info.plist */,
				D42E4C1920A4C7A500B6A4B0 /* PushNotificationPayload.apns */,
				D4DC087220AB330A00E5F68A /* DanController.swift */,
			);
			path = "DEW 8 WatchKit Extension";
			sourceTree = "<group>";
		};
/* End PBXGroup section */

/* Begin PBXNativeTarget section */
		D42E4BE720A4C7A100B6A4B0 /* DEW 8 */ = {
			isa = PBXNativeTarget;
			buildConfigurationList = D42E4C2420A4C7A500B6A4B0 /* Build configuration list for PBXNativeTarget "DEW 8" */;
			buildPhases = (
				D42E4BE420A4C7A100B6A4B0 /* Sources */,
				D42E4BE520A4C7A100B6A4B0 /* Frameworks */,
				D42E4BE620A4C7A100B6A4B0 /* Resources */,
				D42E4C2320A4C7A500B6A4B0 /* Embed Watch Content */,
			);
			buildRules = (
			);
			dependencies = (
				D42E4BFD20A4C7A400B6A4B0 /* PBXTargetDependency */,
			);
			name = "DEW 8";
			productName = "DEW 8";
			productReference = D42E4BE820A4C7A100B6A4B0 /* DEW 8.app */;
			productType = "com.apple.product-type.application";
		};
		D42E4BF920A4C7A400B6A4B0 /* DEW 8 WatchKit App */ = {
			isa = PBXNativeTarget;
			buildConfigurationList = D42E4C2020A4C7A500B6A4B0 /* Build configuration list for PBXNativeTarget "DEW 8 WatchKit App" */;
			buildPhases = (
				D42E4BF820A4C7A400B6A4B0 /* Resources */,
				D42E4C1F20A4C7A500B6A4B0 /* Embed App Extensions */,
			);
			buildRules = (
			);
			dependencies = (
				D42E4C0C20A4C7A500B6A4B0 /* PBXTargetDependency */,
			);
			name = "DEW 8 WatchKit App";
			productName = "DEW 8 WatchKit App";
			productReference = D42E4BFA20A4C7A400B6A4B0 /* DEW 8 WatchKit App.app */;
			productType = "com.apple.product-type.application.watchapp2";
		};
		D42E4C0820A4C7A500B6A4B0 /* DEW 8 WatchKit Extension */ = {
			isa = PBXNativeTarget;
			buildConfigurationList = D42E4C1C20A4C7A500B6A4B0 /* Build configuration list for PBXNativeTarget "DEW 8 WatchKit Extension" */;
			buildPhases = (
				D42E4C0520A4C7A500B6A4B0 /* Sources */,
				D42E4C0620A4C7A500B6A4B0 /* Frameworks */,
				D42E4C0720A4C7A500B6A4B0 /* Resources */,
			);
			buildRules = (
			);
			dependencies = (
			);
			name = "DEW 8 WatchKit Extension";
			productName = "DEW 8 WatchKit Extension";
			productReference = D42E4C0920A4C7A500B6A4B0 /* DEW 8 WatchKit Extension.appex */;
			productType = "com.apple.product-type.watchkit2-extension";
		};
/* End PBXNativeTarget section */

/* Begin PBXProject section */
		D42E4BE020A4C7A100B6A4B0 /* Project object */ = {
			isa = PBXProject;
			attributes = {
				LastSwiftUpdateCheck = 0930;
				LastUpgradeCheck = 0930;
				ORGANIZATIONNAME = rob;
				TargetAttributes = {
					D42E4BE720A4C7A100B6A4B0 = {
						CreatedOnToolsVersion = 9.3;
					};
					D42E4BF920A4C7A400B6A4B0 = {
						CreatedOnToolsVersion = 9.3;
					};
					D42E4C0820A4C7A500B6A4B0 = {
						CreatedOnToolsVersion = 9.3;
					};
				};
			};
			buildConfigurationList = D42E4BE320A4C7A100B6A4B0 /* Build configuration list for PBXProject "DEW 8" */;
			compatibilityVersion = "Xcode 9.3";
			developmentRegion = en;
			hasScannedForEncodings = 0;
			knownRegions = (
				en,
				Base,
			);
			mainGroup = D42E4BDF20A4C7A100B6A4B0;
			productRefGroup = D42E4BE920A4C7A100B6A4B0 /* Products */;
			projectDirPath = "";
			projectRoot = "";
			targets = (
				D42E4BE720A4C7A100B6A4B0 /* DEW 8 */,
				D42E4BF920A4C7A400B6A4B0 /* DEW 8 WatchKit App */,
				D42E4C0820A4C7A500B6A4B0 /* DEW 8 WatchKit Extension */,
			);
		};
/* End PBXProject section */

/* Begin PBXResourcesBuildPhase section */
		D42E4BE620A4C7A100B6A4B0 /* Resources */ = {
			isa = PBXResourcesBuildPhase;
			buildActionMask = 2147483647;
			files = (
				D42E4BF620A4C7A400B6A4B0 /* LaunchScreen.storyboard in Resources */,
				D42E4BF320A4C7A400B6A4B0 /* Assets.xcassets in Resources */,
				D42E4BF120A4C7A100B6A4B0 /* Main.storyboard in Resources */,
			);
			runOnlyForDeploymentPostprocessing = 0;
		};
		D42E4BF820A4C7A400B6A4B0 /* Resources */ = {
			isa = PBXResourcesBuildPhase;
			buildActionMask = 2147483647;
			files = (
				D42E4C0320A4C7A500B6A4B0 /* Assets.xcassets in Resources */,
				D42E4C0120A4C7A400B6A4B0 /* Interface.storyboard in Resources */,
			);
			runOnlyForDeploymentPostprocessing = 0;
		};
		D42E4C0720A4C7A500B6A4B0 /* Resources */ = {
			isa = PBXResourcesBuildPhase;
			buildActionMask = 2147483647;
			files = (
				D42E4C1720A4C7A500B6A4B0 /* Assets.xcassets in Resources */,
			);
			runOnlyForDeploymentPostprocessing = 0;
		};
/* End PBXResourcesBuildPhase section */

/* Begin PBXSourcesBuildPhase section */
		D42E4BE420A4C7A100B6A4B0 /* Sources */ = {
			isa = PBXSourcesBuildPhase;
			buildActionMask = 2147483647;
			files = (
				D42E4C7220A5102F00B6A4B0 /* sharedObjects.swift in Sources */,
				D42E4BEE20A4C7A100B6A4B0 /* ViewController.swift in Sources */,
				D42E4BEC20A4C7A100B6A4B0 /* AppDelegate.swift in Sources */,
			);
			runOnlyForDeploymentPostprocessing = 0;
		};
		D42E4C0520A4C7A500B6A4B0 /* Sources */ = {
			isa = PBXSourcesBuildPhase;
			buildActionMask = 2147483647;
			files = (
				D42E4C7320A5110E00B6A4B0 /* sharedObjects.swift in Sources */,
				D42E4C1320A4C7A500B6A4B0 /* NotificationController.swift in Sources */,
				D42E4C1520A4C7A500B6A4B0 /* ComplicationController.swift in Sources */,
				D4DC087320AB330A00E5F68A /* DanController.swift in Sources */,
				D42E4C1120A4C7A500B6A4B0 /* ExtensionDelegate.swift in Sources */,
				D42E4C0F20A4C7A500B6A4B0 /* InterfaceController.swift in Sources */,
			);
			runOnlyForDeploymentPostprocessing = 0;
		};
/* End PBXSourcesBuildPhase section */

/* Begin PBXTargetDependency section */
		D42E4BFD20A4C7A400B6A4B0 /* PBXTargetDependency */ = {
			isa = PBXTargetDependency;
			target = D42E4BF920A4C7A400B6A4B0 /* DEW 8 WatchKit App */;
			targetProxy = D42E4BFC20A4C7A400B6A4B0 /* PBXContainerItemProxy */;
		};
		D42E4C0C20A4C7A500B6A4B0 /* PBXTargetDependency */ = {
			isa = PBXTargetDependency;
			target = D42E4C0820A4C7A500B6A4B0 /* DEW 8 WatchKit Extension */;
			targetProxy = D42E4C0B20A4C7A500B6A4B0 /* PBXContainerItemProxy */;
		};
/* End PBXTargetDependency section */

/* Begin PBXVariantGroup section */
		D42E4BEF20A4C7A100B6A4B0 /* Main.storyboard */ = {
			isa = PBXVariantGroup;
			children = (
				D42E4BF020A4C7A100B6A4B0 /* Base */,
			);
			name = Main.storyboard;
			sourceTree = "<group>";
		};
		D42E4BF420A4C7A400B6A4B0 /* LaunchScreen.storyboard */ = {
			isa = PBXVariantGroup;
			children = (
				D42E4BF520A4C7A400B6A4B0 /* Base */,
			);
			name = LaunchScreen.storyboard;
			sourceTree = "<group>";
		};
		D42E4BFF20A4C7A400B6A4B0 /* Interface.storyboard */ = {
			isa = PBXVariantGroup;
			children = (
				D42E4C0020A4C7A400B6A4B0 /* Base */,
			);
			name = Interface.storyboard;
			sourceTree = "<group>";
		};
/* End PBXVariantGroup section */

/* Begin XCBuildConfiguration section */
		D42E4C1A20A4C7A500B6A4B0 /* Debug */ = {
			isa = XCBuildConfiguration;
			buildSettings = {
				ALWAYS_SEARCH_USER_PATHS = NO;
				CLANG_ANALYZER_NONNULL = YES;
				CLANG_ANALYZER_NUMBER_OBJECT_CONVERSION = YES_AGGRESSIVE;
				CLANG_CXX_LANGUAGE_STANDARD = "gnu++14";
				CLANG_CXX_LIBRARY = "libc++";
				CLANG_ENABLE_MODULES = YES;
				CLANG_ENABLE_OBJC_ARC = YES;
				CLANG_ENABLE_OBJC_WEAK = YES;
				CLANG_WARN_BLOCK_CAPTURE_AUTORELEASING = YES;
				CLANG_WARN_BOOL_CONVERSION = YES;
				CLANG_WARN_COMMA = YES;
				CLANG_WARN_CONSTANT_CONVERSION = YES;
				CLANG_WARN_DEPRECATED_OBJC_IMPLEMENTATIONS = YES;
				CLANG_WARN_DIRECT_OBJC_ISA_USAGE = YES_ERROR;
				CLANG_WARN_DOCUMENTATION_COMMENTS = YES;
				CLANG_WARN_EMPTY_BODY = YES;
				CLANG_WARN_ENUM_CONVERSION = YES;
				CLANG_WARN_INFINITE_RECURSION = YES;
				CLANG_WARN_INT_CONVERSION = YES;
				CLANG_WARN_NON_LITERAL_NULL_CONVERSION = YES;
				CLANG_WARN_OBJC_IMPLICIT_RETAIN_SELF = YES;
				CLANG_WARN_OBJC_LITERAL_CONVERSION = YES;
				CLANG_WARN_OBJC_ROOT_CLASS = YES_ERROR;
				CLANG_WARN_RANGE_LOOP_ANALYSIS = YES;
				CLANG_WARN_STRICT_PROTOTYPES = YES;
				CLANG_WARN_SUSPICIOUS_MOVE = YES;
				CLANG_WARN_UNGUARDED_AVAILABILITY = YES_AGGRESSIVE;
				CLANG_WARN_UNREACHABLE_CODE = YES;
				CLANG_WARN__DUPLICATE_METHOD_MATCH = YES;
				CODE_SIGN_IDENTITY = "iPhone Developer";
				COPY_PHASE_STRIP = NO;
				DEBUG_INFORMATION_FORMAT = dwarf;
				ENABLE_STRICT_OBJC_MSGSEND = YES;
				ENABLE_TESTABILITY = YES;
				GCC_C_LANGUAGE_STANDARD = gnu11;
				GCC_DYNAMIC_NO_PIC = NO;
				GCC_NO_COMMON_BLOCKS = YES;
				GCC_OPTIMIZATION_LEVEL = 0;
				GCC_PREPROCESSOR_DEFINITIONS = (
					"DEBUG=1",
					"$(inherited)",
				);
				GCC_WARN_64_TO_32_BIT_CONVERSION = YES;
				GCC_WARN_ABOUT_RETURN_TYPE = YES_ERROR;
				GCC_WARN_UNDECLARED_SELECTOR = YES;
				GCC_WARN_UNINITIALIZED_AUTOS = YES_AGGRESSIVE;
				GCC_WARN_UNUSED_FUNCTION = YES;
				GCC_WARN_UNUSED_VARIABLE = YES;
				IPHONEOS_DEPLOYMENT_TARGET = 11.3;
				MTL_ENABLE_DEBUG_INFO = YES;
				ONLY_ACTIVE_ARCH = YES;
				SDKROOT = iphoneos;
				SWIFT_ACTIVE_COMPILATION_CONDITIONS = DEBUG;
				SWIFT_OPTIMIZATION_LEVEL = "-Onone";
			};
			name = Debug;
		};
		D42E4C1B20A4C7A500B6A4B0 /* Release */ = {
			isa = XCBuildConfiguration;
			buildSettings = {
				ALWAYS_SEARCH_USER_PATHS = NO;
				CLANG_ANALYZER_NONNULL = YES;
				CLANG_ANALYZER_NUMBER_OBJECT_CONVERSION = YES_AGGRESSIVE;
				CLANG_CXX_LANGUAGE_STANDARD = "gnu++14";
				CLANG_CXX_LIBRARY = "libc++";
				CLANG_ENABLE_MODULES = YES;
				CLANG_ENABLE_OBJC_ARC = YES;
				CLANG_ENABLE_OBJC_WEAK = YES;
				CLANG_WARN_BLOCK_CAPTURE_AUTORELEASING = YES;
				CLANG_WARN_BOOL_CONVERSION = YES;
				CLANG_WARN_COMMA = YES;
				CLANG_WARN_CONSTANT_CONVERSION = YES;
				CLANG_WARN_DEPRECATED_OBJC_IMPLEMENTATIONS = YES;
				CLANG_WARN_DIRECT_OBJC_ISA_USAGE = YES_ERROR;
				CLANG_WARN_DOCUMENTATION_COMMENTS = YES;
				CLANG_WARN_EMPTY_BODY = YES;
				CLANG_WARN_ENUM_CONVERSION = YES;
				CLANG_WARN_INFINITE_RECURSION = YES;
				CLANG_WARN_INT_CONVERSION = YES;
				CLANG_WARN_NON_LITERAL_NULL_CONVERSION = YES;
				CLANG_WARN_OBJC_IMPLICIT_RETAIN_SELF = YES;
				CLANG_WARN_OBJC_LITERAL_CONVERSION = YES;
				CLANG_WARN_OBJC_ROOT_CLASS = YES_ERROR;
				CLANG_WARN_RANGE_LOOP_ANALYSIS = YES;
				CLANG_WARN_STRICT_PROTOTYPES = YES;
				CLANG_WARN_SUSPICIOUS_MOVE = YES;
				CLANG_WARN_UNGUARDED_AVAILABILITY = YES_AGGRESSIVE;
				CLANG_WARN_UNREACHABLE_CODE = YES;
				CLANG_WARN__DUPLICATE_METHOD_MATCH = YES;
				CODE_SIGN_IDENTITY = "iPhone Developer";
				COPY_PHASE_STRIP = NO;
				DEBUG_INFORMATION_FORMAT = "dwarf-with-dsym";
				ENABLE_NS_ASSERTIONS = NO;
				ENABLE_STRICT_OBJC_MSGSEND = YES;
				GCC_C_LANGUAGE_STANDARD = gnu11;
				GCC_NO_COMMON_BLOCKS = YES;
				GCC_WARN_64_TO_32_BIT_CONVERSION = YES;
				GCC_WARN_ABOUT_RETURN_TYPE = YES_ERROR;
				GCC_WARN_UNDECLARED_SELECTOR = YES;
				GCC_WARN_UNINITIALIZED_AUTOS = YES_AGGRESSIVE;
				GCC_WARN_UNUSED_FUNCTION = YES;
				GCC_WARN_UNUSED_VARIABLE = YES;
				IPHONEOS_DEPLOYMENT_TARGET = 11.3;
				MTL_ENABLE_DEBUG_INFO = NO;
				SDKROOT = iphoneos;
				SWIFT_COMPILATION_MODE = wholemodule;
				SWIFT_OPTIMIZATION_LEVEL = "-O";
				VALIDATE_PRODUCT = YES;
			};
			name = Release;
		};
		D42E4C1D20A4C7A500B6A4B0 /* Debug */ = {
			isa = XCBuildConfiguration;
			buildSettings = {
				ASSETCATALOG_COMPILER_COMPLICATION_NAME = Complication;
				CODE_SIGN_STYLE = Automatic;
				DEVELOPMENT_TEAM = 8CGP6WZ39B;
				INFOPLIST_FILE = "DEW 8 WatchKit Extension/Info.plist";
				LD_RUNPATH_SEARCH_PATHS = (
					"$(inherited)",
					"@executable_path/Frameworks",
					"@executable_path/../../Frameworks",
				);
				PRODUCT_BUNDLE_IDENTIFIER = "klebiean.DEW-8.watchkitapp.watchkitextension";
				PRODUCT_NAME = "${TARGET_NAME}";
				SDKROOT = watchos;
				SKIP_INSTALL = YES;
				SWIFT_VERSION = 4.0;
				TARGETED_DEVICE_FAMILY = 4;
				WATCHOS_DEPLOYMENT_TARGET = 4.3;
			};
			name = Debug;
		};
		D42E4C1E20A4C7A500B6A4B0 /* Release */ = {
			isa = XCBuildConfiguration;
			buildSettings = {
				ASSETCATALOG_COMPILER_COMPLICATION_NAME = Complication;
				CODE_SIGN_STYLE = Automatic;
				DEVELOPMENT_TEAM = 8CGP6WZ39B;
				INFOPLIST_FILE = "DEW 8 WatchKit Extension/Info.plist";
				LD_RUNPATH_SEARCH_PATHS = (
					"$(inherited)",
					"@executable_path/Frameworks",
					"@executable_path/../../Frameworks",
				);
				PRODUCT_BUNDLE_IDENTIFIER = "klebiean.DEW-8.watchkitapp.watchkitextension";
				PRODUCT_NAME = "${TARGET_NAME}";
				SDKROOT = watchos;
				SKIP_INSTALL = YES;
				SWIFT_VERSION = 4.0;
				TARGETED_DEVICE_FAMILY = 4;
				WATCHOS_DEPLOYMENT_TARGET = 4.3;
			};
			name = Release;
		};
		D42E4C2120A4C7A500B6A4B0 /* Debug */ = {
			isa = XCBuildConfiguration;
			buildSettings = {
				ALWAYS_EMBED_SWIFT_STANDARD_LIBRARIES = YES;
				ASSETCATALOG_COMPILER_APPICON_NAME = AppIcon;
				CODE_SIGN_STYLE = Automatic;
				DEVELOPMENT_TEAM = 8CGP6WZ39B;
				IBSC_MODULE = DEW_8_WatchKit_Extension;
				INFOPLIST_FILE = "DEW 8 WatchKit App/Info.plist";
				PRODUCT_BUNDLE_IDENTIFIER = "klebiean.DEW-8.watchkitapp";
				PRODUCT_NAME = "$(TARGET_NAME)";
				SDKROOT = watchos;
				SKIP_INSTALL = YES;
				SWIFT_VERSION = 4.0;
				TARGETED_DEVICE_FAMILY = 4;
				WATCHOS_DEPLOYMENT_TARGET = 4.3;
			};
			name = Debug;
		};
		D42E4C2220A4C7A500B6A4B0 /* Release */ = {
			isa = XCBuildConfiguration;
			buildSettings = {
				ALWAYS_EMBED_SWIFT_STANDARD_LIBRARIES = YES;
				ASSETCATALOG_COMPILER_APPICON_NAME = AppIcon;
				CODE_SIGN_STYLE = Automatic;
				DEVELOPMENT_TEAM = 8CGP6WZ39B;
				IBSC_MODULE = DEW_8_WatchKit_Extension;
				INFOPLIST_FILE = "DEW 8 WatchKit App/Info.plist";
				PRODUCT_BUNDLE_IDENTIFIER = "klebiean.DEW-8.watchkitapp";
				PRODUCT_NAME = "$(TARGET_NAME)";
				SDKROOT = watchos;
				SKIP_INSTALL = YES;
				SWIFT_VERSION = 4.0;
				TARGETED_DEVICE_FAMILY = 4;
				WATCHOS_DEPLOYMENT_TARGET = 4.3;
			};
			name = Release;
		};
		D42E4C2520A4C7A500B6A4B0 /* Debug */ = {
			isa = XCBuildConfiguration;
			buildSettings = {
				ASSETCATALOG_COMPILER_APPICON_NAME = AppIcon;
				CODE_SIGN_STYLE = Automatic;
				DEVELOPMENT_TEAM = 8CGP6WZ39B;
				INFOPLIST_FILE = "DEW 8/Info.plist";
				LD_RUNPATH_SEARCH_PATHS = (
					"$(inherited)",
					"@executable_path/Frameworks",
				);
				PRODUCT_BUNDLE_IDENTIFIER = "klebiean.DEW-8";
				PRODUCT_NAME = "$(TARGET_NAME)";
				SWIFT_VERSION = 4.0;
				TARGETED_DEVICE_FAMILY = "1,2";
			};
			name = Debug;
		};
		D42E4C2620A4C7A500B6A4B0 /* Release */ = {
			isa = XCBuildConfiguration;
			buildSettings = {
				ASSETCATALOG_COMPILER_APPICON_NAME = AppIcon;
				CODE_SIGN_STYLE = Automatic;
				DEVELOPMENT_TEAM = 8CGP6WZ39B;
				INFOPLIST_FILE = "DEW 8/Info.plist";
				LD_RUNPATH_SEARCH_PATHS = (
					"$(inherited)",
					"@executable_path/Frameworks",
				);
				PRODUCT_BUNDLE_IDENTIFIER = "klebiean.DEW-8";
				PRODUCT_NAME = "$(TARGET_NAME)";
				SWIFT_VERSION = 4.0;
				TARGETED_DEVICE_FAMILY = "1,2";
			};
			name = Release;
		};
/* End XCBuildConfiguration section */

/* Begin XCConfigurationList section */
		D42E4BE320A4C7A100B6A4B0 /* Build configuration list for PBXProject "DEW 8" */ = {
			isa = XCConfigurationList;
			buildConfigurations = (
				D42E4C1A20A4C7A500B6A4B0 /* Debug */,
				D42E4C1B20A4C7A500B6A4B0 /* Release */,
			);
			defaultConfigurationIsVisible = 0;
			defaultConfigurationName = Release;
		};
		D42E4C1C20A4C7A500B6A4B0 /* Build configuration list for PBXNativeTarget "DEW 8 WatchKit Extension" */ = {
			isa = XCConfigurationList;
			buildConfigurations = (
				D42E4C1D20A4C7A500B6A4B0 /* Debug */,
				D42E4C1E20A4C7A500B6A4B0 /* Release */,
			);
			defaultConfigurationIsVisible = 0;
			defaultConfigurationName = Release;
		};
		D42E4C2020A4C7A500B6A4B0 /* Build configuration list for PBXNativeTarget "DEW 8 WatchKit App" */ = {
			isa = XCConfigurationList;
			buildConfigurations = (
				D42E4C2120A4C7A500B6A4B0 /* Debug */,
				D42E4C2220A4C7A500B6A4B0 /* Release */,
			);
			defaultConfigurationIsVisible = 0;
			defaultConfigurationName = Release;
		};
		D42E4C2420A4C7A500B6A4B0 /* Build configuration list for PBXNativeTarget "DEW 8" */ = {
			isa = XCConfigurationList;
			buildConfigurations = (
				D42E4C2520A4C7A500B6A4B0 /* Debug */,
				D42E4C2620A4C7A500B6A4B0 /* Release */,
			);
			defaultConfigurationIsVisible = 0;
			defaultConfigurationName = Release;
		};
/* End XCConfigurationList section */
	};
	rootObject = D42E4BE020A4C7A100B6A4B0 /* Project object */;
}
